
Microsoft Visual Studio Solution File, Format Version 11.00
# Visual Studio 2010
Project("{FAE04EC0-301F-11D3-BF4B-00C04F79EFBC}") = "Assembly-CSharp", "Assembly-CSharp.csproj", "{65348664-e1b3-f87c-b1cb-b17a94e9c4ca}"
EndProject
Project("{FAE04EC0-301F-11D3-BF4B-00C04F79EFBC}") = "Assembly-CSharp-Editor", "Assembly-CSharp-Editor.csproj", "{e5e10be3-b9b5-61d8-f44c-129e7b3a3dc6}"
EndProject
Global
	GlobalSection(SolutionConfigurationPlatforms) = preSolution
		Debug|Any CPU = Debug|Any CPU
	EndGlobalSection
	GlobalSection(ProjectConfigurationPlatforms) = postSolution
		{65348664-e1b3-f87c-b1cb-b17a94e9c4ca}.Debug|Any CPU.ActiveCfg = Debug|Any CPU
		{65348664-e1b3-f87c-b1cb-b17a94e9c4ca}.Debug|Any CPU.Build.0 = Debug|Any CPU
		{e5e10be3-b9b5-61d8-f44c-129e7b3a3dc6}.Debug|Any CPU.ActiveCfg = Debug|Any CPU
		{e5e10be3-b9b5-61d8-f44c-129e7b3a3dc6}.Debug|Any CPU.Build.0 = Debug|Any CPU
	EndGlobalSection
	GlobalSection(SolutionProperties) = preSolution
		HideSolutionNode = FALSE
	EndGlobalSection
EndGlobal
